
Microsoft Visual Studio Solution File, Format Version 12.00
# Visual Studio 15
VisualStudioVersion = 15.0.28307.438
MinimumVisualStudioVersion = 10.0.40219.1
Project("{FAE04EC0-301F-11D3-BF4B-00C04F79EFBC}") = "FormValidation.Android", "FormValidation\FormValidation.Android\FormValidation.Android.csproj", "{9EB89D4C-2F5B-49C1-95CC-29C717D49036}"
EndProject
Project("{FAE04EC0-301F-11D3-BF4B-00C04F79EFBC}") = "FormValidation.iOS", "FormValidation\FormValidation.iOS\FormValidation.iOS.csproj", "{583AC6F0-8644-4722-BD69-B06B061F4CFB}"
EndProject
Project("{FAE04EC0-301F-11D3-BF4B-00C04F79EFBC}") = "FormValidation.UWP", "FormValidation\FormValidation.UWP\FormValidation.UWP.csproj", "{2D28439F-B617-4EFF-A0DE-5FC54EB49573}"
EndProject
Project("{FAE04EC0-301F-11D3-BF4B-00C04F79EFBC}") = "FormValidation", "FormValidation\FormValidation\FormValidation.csproj", "{0E1B28C3-4834-4CF6-8D6A-FD31AFEC2C28}"
EndProject
Global
	GlobalSection(SolutionConfigurationPlatforms) = preSolution
		Ad-Hoc|Any CPU = Ad-Hoc|Any CPU
		Ad-Hoc|ARM = Ad-Hoc|ARM
		Ad-Hoc|iPhone = Ad-Hoc|iPhone
		Ad-Hoc|iPhoneSimulator = Ad-Hoc|iPhoneSimulator
		Ad-Hoc|x64 = Ad-Hoc|x64
		Ad-Hoc|x86 = Ad-Hoc|x86
		AppStore|Any CPU = AppStore|Any CPU
		AppStore|ARM = AppStore|ARM
		AppStore|iPhone = AppStore|iPhone
		AppStore|iPhoneSimulator = AppStore|iPhoneSimulator
		AppStore|x64 = AppStore|x64
		AppStore|x86 = AppStore|x86
		Debug|Any CPU = Debug|Any CPU
		Debug|ARM = Debug|ARM
		Debug|iPhone = Debug|iPhone
		Debug|iPhoneSimulator = Debug|iPhoneSimulator
		Debug|x64 = Debug|x64
		Debug|x86 = Debug|x86
		Release|Any CPU = Release|Any CPU
		Release|ARM = Release|ARM
		Release|iPhone = Release|iPhone
		Release|iPhoneSimulator = Release|iPhoneSimulator
		Release|x64 = Release|x64
		Release|x86 = Release|x86
	EndGlobalSection
	GlobalSection(ProjectConfigurationPlatforms) = postSolution
		{9EB89D4C-2F5B-49C1-95CC-29C717D49036}.Ad-Hoc|Any CPU.ActiveCfg = Release|Any CPU
		{9EB89D4C-2F5B-49C1-95CC-29C717D49036}.Ad-Hoc|Any CPU.Build.0 = Release|Any CPU
		{9EB89D4C-2F5B-49C1-95CC-29C717D49036}.Ad-Hoc|Any CPU.Deploy.0 = Release|Any CPU
		{9EB89D4C-2F5B-49C1-95CC-29C717D49036}.Ad-Hoc|ARM.ActiveCfg = Release|Any CPU
		{9EB89D4C-2F5B-49C1-95CC-29C717D49036}.Ad-Hoc|ARM.Build.0 = Release|Any CPU
		{9EB89D4C-2F5B-49C1-95CC-29C717D49036}.Ad-Hoc|ARM.Deploy.0 = Release|Any CPU
		{9EB89D4C-2F5B-49C1-95CC-29C717D49036}.Ad-Hoc|iPhone.ActiveCfg = Release|Any CPU
		{9EB89D4C-2F5B-49C1-95CC-29C717D49036}.Ad-Hoc|iPhone.Build.0 = Release|Any CPU
		{9EB89D4C-2F5B-49C1-95CC-29C717D49036}.Ad-Hoc|iPhone.Deploy.0 = Release|Any CPU
		{9EB89D4C-2F5B-49C1-95CC-29C717D49036}.Ad-Hoc|iPhoneSimulator.ActiveCfg = Release|Any CPU
		{9EB89D4C-2F5B-49C1-95CC-29C717D49036}.Ad-Hoc|iPhoneSimulator.Build.0 = Release|Any CPU
		{9EB89D4C-2F5B-49C1-95CC-29C717D49036}.Ad-Hoc|iPhoneSimulator.Deploy.0 = Release|Any CPU
		{9EB89D4C-2F5B-49C1-95CC-29C717D49036}.Ad-Hoc|x64.ActiveCfg = Release|Any CPU
		{9EB89D4C-2F5B-49C1-95CC-29C717D49036}.Ad-Hoc|x64.Build.0 = Release|Any CPU
		{9EB89D4C-2F5B-49C1-95CC-29C717D49036}.Ad-Hoc|x64.Deploy.0 = Release|Any CPU
		{9EB89D4C-2F5B-49C1-95CC-29C717D49036}.Ad-Hoc|x86.ActiveCfg = Release|Any CPU
		{9EB89D4C-2F5B-49C1-95CC-29C717D49036}.Ad-Hoc|x86.Build.0 = Release|Any CPU
		{9EB89D4C-2F5B-49C1-95CC-29C717D49036}.Ad-Hoc|x86.Deploy.0 = Release|Any CPU
		{9EB89D4C-2F5B-49C1-95CC-29C717D49036}.AppStore|Any CPU.ActiveCfg = Release|Any CPU
		{9EB89D4C-2F5B-49C1-95CC-29C717D49036}.AppStore|Any CPU.Build.0 = Release|Any CPU
		{9EB89D4C-2F5B-49C1-95CC-29C717D49036}.AppStore|Any CPU.Deploy.0 = Release|Any CPU
		{9EB89D4C-2F5B-49C1-95CC-29C717D49036}.AppStore|ARM.ActiveCfg = Release|Any CPU
		{9EB89D4C-2F5B-49C1-95CC-29C717D49036}.AppStore|ARM.Build.0 = Release|Any CPU
		{9EB89D4C-2F5B-49C1-95CC-29C717D49036}.AppStore|ARM.Deploy.0 = Release|Any CPU
		{9EB89D4C-2F5B-49C1-95CC-29C717D49036}.AppStore|iPhone.ActiveCfg = Release|Any CPU
		{9EB89D4C-2F5B-49C1-95CC-29C717D49036}.AppStore|iPhone.Build.0 = Release|Any CPU
		{9EB89D4C-2F5B-49C1-95CC-29C717D49036}.AppStore|iPhone.Deploy.0 = Release|Any CPU
		{9EB89D4C-2F5B-49C1-95CC-29C717D49036}.AppStore|iPhoneSimulator.ActiveCfg = Release|Any CPU
		{9EB89D4C-2F5B-49C1-95CC-29C717D49036}.AppStore|iPhoneSimulator.Build.0 = Release|Any CPU
		{9EB89D4C-2F5B-49C1-95CC-29C717D49036}.AppStore|iPhoneSimulator.Deploy.0 = Release|Any CPU
		{9EB89D4C-2F5B-49C1-95CC-29C717D49036}.AppStore|x64.ActiveCfg = Release|Any CPU
		{9EB89D4C-2F5B-49C1-95CC-29C717D49036}.AppStore|x64.Build.0 = Release|Any CPU
		{9EB89D4C-2F5B-49C1-95CC-29C717D49036}.AppStore|x64.Deploy.0 = Release|Any CPU
		{9EB89D4C-2F5B-49C1-95CC-29C717D49036}.AppStore|x86.ActiveCfg = Release|Any CPU
		{9EB89D4C-2F5B-49C1-95CC-29C717D49036}.AppStore|x86.Build.0 = Release|Any CPU
		{9EB89D4C-2F5B-49C1-95CC-29C717D49036}.AppStore|x86.Deploy.0 = Release|Any CPU
		{9EB89D4C-2F5B-49C1-95CC-29C717D49036}.Debug|Any CPU.ActiveCfg = Debug|Any CPU
		{9EB89D4C-2F5B-49C1-95CC-29C717D49036}.Debug|Any CPU.Build.0 = Debug|Any CPU
		{9EB89D4C-2F5B-49C1-95CC-29C717D49036}.Debug|Any CPU.Deploy.0 = Debug|Any CPU
		{9EB89D4C-2F5B-49C1-95CC-29C717D49036}.Debug|ARM.ActiveCfg = Debug|Any CPU
		{9EB89D4C-2F5B-49C1-95CC-29C717D49036}.Debug|ARM.Build.0 = Debug|Any CPU
		{9EB89D4C-2F5B-49C1-95CC-29C717D49036}.Debug|ARM.Deploy.0 = Debug|Any CPU
		{9EB89D4C-2F5B-49C1-95CC-29C717D49036}.Debug|iPhone.ActiveCfg = Debug|Any CPU
		{9EB89D4C-2F5B-49C1-95CC-29C717D49036}.Debug|iPhone.Build.0 = Debug|Any CPU
		{9EB89D4C-2F5B-49C1-95CC-29C717D49036}.Debug|iPhone.Deploy.0 = Debug|Any CPU
		{9EB89D4C-2F5B-49C1-95CC-29C717D49036}.Debug|iPhoneSimulator.ActiveCfg = Debug|Any CPU
		{9EB89D4C-2F5B-49C1-95CC-29C717D49036}.Debug|iPhoneSimulator.Build.0 = Debug|Any CPU
		{9EB89D4C-2F5B-49C1-95CC-29C717D49036}.Debug|iPhoneSimulator.Deploy.0 = Debug|Any CPU
		{9EB89D4C-2F5B-49C1-95CC-29C717D49036}.Debug|x64.ActiveCfg = Debug|Any CPU
		{9EB89D4C-2F5B-49C1-95CC-29C717D49036}.Debug|x64.Build.0 = Debug|Any CPU
		{9EB89D4C-2F5B-49C1-95CC-29C717D49036}.Debug|x64.Deploy.0 = Debug|Any CPU
		{9EB89D4C-2F5B-49C1-95CC-29C717D49036}.Debug|x86.ActiveCfg = Debug|Any CPU
		{9EB89D4C-2F5B-49C1-95CC-29C717D49036}.Debug|x86.Build.0 = Debug|Any CPU
		{9EB89D4C-2F5B-49C1-95CC-29C717D49036}.Debug|x86.Deploy.0 = Debug|Any CPU
		{9EB89D4C-2F5B-49C1-95CC-29C717D49036}.Release|Any CPU.ActiveCfg = Release|Any CPU
		{9EB89D4C-2F5B-49C1-95CC-29C717D49036}.Release|Any CPU.Build.0 = Release|Any CPU
		{9EB89D4C-2F5B-49C1-95CC-29C717D49036}.Release|Any CPU.Deploy.0 = Release|Any CPU
		{9EB89D4C-2F5B-49C1-95CC-29C717D49036}.Release|ARM.ActiveCfg = Release|Any CPU
		{9EB89D4C-2F5B-49C1-95CC-29C717D49036}.Release|ARM.Build.0 = Release|Any CPU
		{9EB89D4C-2F5B-49C1-95CC-29C717D49036}.Release|ARM.Deploy.0 = Release|Any CPU
		{9EB89D4C-2F5B-49C1-95CC-29C717D49036}.Release|iPhone.ActiveCfg = Release|Any CPU
		{9EB89D4C-2F5B-49C1-95CC-29C717D49036}.Release|iPhone.Build.0 = Release|Any CPU
		{9EB89D4C-2F5B-49C1-95CC-29C717D49036}.Release|iPhone.Deploy.0 = Release|Any CPU
		{9EB89D4C-2F5B-49C1-95CC-29C717D49036}.Release|iPhoneSimulator.ActiveCfg = Release|Any CPU
		{9EB89D4C-2F5B-49C1-95CC-29C717D49036}.Release|iPhoneSimulator.Build.0 = Release|Any CPU
		{9EB89D4C-2F5B-49C1-95CC-29C717D49036}.Release|iPhoneSimulator.Deploy.0 = Release|Any CPU
		{9EB89D4C-2F5B-49C1-95CC-29C717D49036}.Release|x64.ActiveCfg = Release|Any CPU
		{9EB89D4C-2F5B-49C1-95CC-29C717D49036}.Release|x64.Build.0 = Release|Any CPU
		{9EB89D4C-2F5B-49C1-95CC-29C717D49036}.Release|x64.Deploy.0 = Release|Any CPU
		{9EB89D4C-2F5B-49C1-95CC-29C717D49036}.Release|x86.ActiveCfg = Release|Any CPU
		{9EB89D4C-2F5B-49C1-95CC-29C717D49036}.Release|x86.Build.0 = Release|Any CPU
		{9EB89D4C-2F5B-49C1-95CC-29C717D49036}.Release|x86.Deploy.0 = Release|Any CPU
		{583AC6F0-8644-4722-BD69-B06B061F4CFB}.Ad-Hoc|Any CPU.ActiveCfg = Ad-Hoc|iPhone
		{583AC6F0-8644-4722-BD69-B06B061F4CFB}.Ad-Hoc|Any CPU.Build.0 = Ad-Hoc|iPhone
		{583AC6F0-8644-4722-BD69-B06B061F4CFB}.Ad-Hoc|Any CPU.Deploy.0 = Ad-Hoc|iPhone
		{583AC6F0-8644-4722-BD69-B06B061F4CFB}.Ad-Hoc|ARM.ActiveCfg = Ad-Hoc|iPhone
		{583AC6F0-8644-4722-BD69-B06B061F4CFB}.Ad-Hoc|ARM.Build.0 = Ad-Hoc|iPhone
		{583AC6F0-8644-4722-BD69-B06B061F4CFB}.Ad-Hoc|ARM.Deploy.0 = Ad-Hoc|iPhone
		{583AC6F0-8644-4722-BD69-B06B061F4CFB}.Ad-Hoc|iPhone.ActiveCfg = Ad-Hoc|iPhone
		{583AC6F0-8644-4722-BD69-B06B061F4CFB}.Ad-Hoc|iPhone.Build.0 = Ad-Hoc|iPhone
		{583AC6F0-8644-4722-BD69-B06B061F4CFB}.Ad-Hoc|iPhone.Deploy.0 = Ad-Hoc|iPhone
		{583AC6F0-8644-4722-BD69-B06B061F4CFB}.Ad-Hoc|iPhoneSimulator.ActiveCfg = Ad-Hoc|iPhoneSimulator
		{583AC6F0-8644-4722-BD69-B06B061F4CFB}.Ad-Hoc|iPhoneSimulator.Build.0 = Ad-Hoc|iPhoneSimulator
		{583AC6F0-8644-4722-BD69-B06B061F4CFB}.Ad-Hoc|iPhoneSimulator.Deploy.0 = Ad-Hoc|iPhoneSimulator
		{583AC6F0-8644-4722-BD69-B06B061F4CFB}.Ad-Hoc|x64.ActiveCfg = Ad-Hoc|iPhone
		{583AC6F0-8644-4722-BD69-B06B061F4CFB}.Ad-Hoc|x64.Build.0 = Ad-Hoc|iPhone
		{583AC6F0-8644-4722-BD69-B06B061F4CFB}.Ad-Hoc|x64.Deploy.0 = Ad-Hoc|iPhone
		{583AC6F0-8644-4722-BD69-B06B061F4CFB}.Ad-Hoc|x86.ActiveCfg = Ad-Hoc|iPhone
		{583AC6F0-8644-4722-BD69-B06B061F4CFB}.Ad-Hoc|x86.Build.0 = Ad-Hoc|iPhone
		{583AC6F0-8644-4722-BD69-B06B061F4CFB}.Ad-Hoc|x86.Deploy.0 = Ad-Hoc|iPhone
		{583AC6F0-8644-4722-BD69-B06B061F4CFB}.AppStore|Any CPU.ActiveCfg = AppStore|iPhone
		{583AC6F0-8644-4722-BD69-B06B061F4CFB}.AppStore|Any CPU.Build.0 = AppStore|iPhone
		{583AC6F0-8644-4722-BD69-B06B061F4CFB}.AppStore|Any CPU.Deploy.0 = AppStore|iPhone
		{583AC6F0-8644-4722-BD69-B06B061F4CFB}.AppStore|ARM.ActiveCfg = AppStore|iPhone
		{583AC6F0-8644-4722-BD69-B06B061F4CFB}.AppStore|ARM.Build.0 = AppStore|iPhone
		{583AC6F0-8644-4722-BD69-B06B061F4CFB}.AppStore|ARM.Deploy.0 = AppStore|iPhone
		{583AC6F0-8644-4722-BD69-B06B061F4CFB}.AppStore|iPhone.ActiveCfg = AppStore|iPhone
		{583AC6F0-8644-4722-BD69-B06B061F4CFB}.AppStore|iPhone.Build.0 = AppStore|iPhone
		{583AC6F0-8644-4722-BD69-B06B061F4CFB}.AppStore|iPhone.Deploy.0 = AppStore|iPhone
		{583AC6F0-8644-4722-BD69-B06B061F4CFB}.AppStore|iPhoneSimulator.ActiveCfg = AppStore|iPhoneSimulator
		{583AC6F0-8644-4722-BD69-B06B061F4CFB}.AppStore|iPhoneSimulator.Build.0 = AppStore|iPhoneSimulator
		{583AC6F0-8644-4722-BD69-B06B061F4CFB}.AppStore|iPhoneSimulator.Deploy.0 = AppStore|iPhoneSimulator
		{583AC6F0-8644-4722-BD69-B06B061F4CFB}.AppStore|x64.ActiveCfg = AppStore|iPhone
		{583AC6F0-8644-4722-BD69-B06B061F4CFB}.AppStore|x64.Build.0 = AppStore|iPhone
		{583AC6F0-8644-4722-BD69-B06B061F4CFB}.AppStore|x64.Deploy.0 = AppStore|iPhone
		{583AC6F0-8644-4722-BD69-B06B061F4CFB}.AppStore|x86.ActiveCfg = AppStore|iPhone
		{583AC6F0-8644-4722-BD69-B06B061F4CFB}.AppStore|x86.Build.0 = AppStore|iPhone
		{583AC6F0-8644-4722-BD69-B06B061F4CFB}.AppStore|x86.Deploy.0 = AppStore|iPhone
		{583AC6F0-8644-4722-BD69-B06B061F4CFB}.Debug|Any CPU.ActiveCfg = Debug|iPhoneSimulator
		{583AC6F0-8644-4722-BD69-B06B061F4CFB}.Debug|Any CPU.Build.0 = Debug|iPhoneSimulator
		{583AC6F0-8644-4722-BD69-B06B061F4CFB}.Debug|Any CPU.Deploy.0 = Debug|iPhoneSimulator
		{583AC6F0-8644-4722-BD69-B06B061F4CFB}.Debug|ARM.ActiveCfg = Debug|iPhone
		{583AC6F0-8644-4722-BD69-B06B061F4CFB}.Debug|ARM.Build.0 = Debug|iPhone
		{583AC6F0-8644-4722-BD69-B06B061F4CFB}.Debug|ARM.Deploy.0 = Debug|iPhone
		{583AC6F0-8644-4722-BD69-B06B061F4CFB}.Debug|iPhone.ActiveCfg = Debug|iPhone
		{583AC6F0-8644-4722-BD69-B06B061F4CFB}.Debug|iPhone.Build.0 = Debug|iPhone
		{583AC6F0-8644-4722-BD69-B06B061F4CFB}.Debug|iPhone.Deploy.0 = Debug|iPhone
		{583AC6F0-8644-4722-BD69-B06B061F4CFB}.Debug|iPhoneSimulator.ActiveCfg = Debug|iPhoneSimulator
		{583AC6F0-8644-4722-BD69-B06B061F4CFB}.Debug|iPhoneSimulator.Build.0 = Debug|iPhoneSimulator
		{583AC6F0-8644-4722-BD69-B06B061F4CFB}.Debug|iPhoneSimulator.Deploy.0 = Debug|iPhoneSimulator
		{583AC6F0-8644-4722-BD69-B06B061F4CFB}.Debug|x64.ActiveCfg = Debug|iPhone
		{583AC6F0-8644-4722-BD69-B06B061F4CFB}.Debug|x64.Build.0 = Debug|iPhone
		{583AC6F0-8644-4722-BD69-B06B061F4CFB}.Debug|x64.Deploy.0 = Debug|iPhone
		{583AC6F0-8644-4722-BD69-B06B061F4CFB}.Debug|x86.ActiveCfg = Debug|iPhone
		{583AC6F0-8644-4722-BD69-B06B061F4CFB}.Debug|x86.Build.0 = Debug|iPhone
		{583AC6F0-8644-4722-BD69-B06B061F4CFB}.Debug|x86.Deploy.0 = Debug|iPhone
		{583AC6F0-8644-4722-BD69-B06B061F4CFB}.Release|Any CPU.ActiveCfg = Release|iPhone
		{583AC6F0-8644-4722-BD69-B06B061F4CFB}.Release|Any CPU.Build.0 = Release|iPhone
		{583AC6F0-8644-4722-BD69-B06B061F4CFB}.Release|Any CPU.Deploy.0 = Release|iPhone
		{583AC6F0-8644-4722-BD69-B06B061F4CFB}.Release|ARM.ActiveCfg = Release|iPhone
		{583AC6F0-8644-4722-BD69-B06B061F4CFB}.Release|ARM.Build.0 = Release|iPhone
		{583AC6F0-8644-4722-BD69-B06B061F4CFB}.Release|ARM.Deploy.0 = Release|iPhone
		{583AC6F0-8644-4722-BD69-B06B061F4CFB}.Release|iPhone.ActiveCfg = Release|iPhone
		{583AC6F0-8644-4722-BD69-B06B061F4CFB}.Release|iPhone.Build.0 = Release|iPhone
		{583AC6F0-8644-4722-BD69-B06B061F4CFB}.Release|iPhone.Deploy.0 = Release|iPhone
		{583AC6F0-8644-4722-BD69-B06B061F4CFB}.Release|iPhoneSimulator.ActiveCfg = Release|iPhoneSimulator
		{583AC6F0-8644-4722-BD69-B06B061F4CFB}.Release|iPhoneSimulator.Build.0 = Release|iPhoneSimulator
		{583AC6F0-8644-4722-BD69-B06B061F4CFB}.Release|iPhoneSimulator.Deploy.0 = Release|iPhoneSimulator
		{583AC6F0-8644-4722-BD69-B06B061F4CFB}.Release|x64.ActiveCfg = Release|iPhone
		{583AC6F0-8644-4722-BD69-B06B061F4CFB}.Release|x64.Build.0 = Release|iPhone
		{583AC6F0-8644-4722-BD69-B06B061F4CFB}.Release|x64.Deploy.0 = Release|iPhone
		{583AC6F0-8644-4722-BD69-B06B061F4CFB}.Release|x86.ActiveCfg = Release|iPhone
		{583AC6F0-8644-4722-BD69-B06B061F4CFB}.Release|x86.Build.0 = Release|iPhone
		{583AC6F0-8644-4722-BD69-B06B061F4CFB}.Release|x86.Deploy.0 = Release|iPhone
		{2D28439F-B617-4EFF-A0DE-5FC54EB49573}.Ad-Hoc|Any CPU.ActiveCfg = Release|x86
		{2D28439F-B617-4EFF-A0DE-5FC54EB49573}.Ad-Hoc|Any CPU.Build.0 = Release|x86
		{2D28439F-B617-4EFF-A0DE-5FC54EB49573}.Ad-Hoc|Any CPU.Deploy.0 = Release|x86
		{2D28439F-B617-4EFF-A0DE-5FC54EB49573}.Ad-Hoc|ARM.ActiveCfg = Release|ARM
		{2D28439F-B617-4EFF-A0DE-5FC54EB49573}.Ad-Hoc|ARM.Build.0 = Release|ARM
		{2D28439F-B617-4EFF-A0DE-5FC54EB49573}.Ad-Hoc|ARM.Deploy.0 = Release|ARM
		{2D28439F-B617-4EFF-A0DE-5FC54EB49573}.Ad-Hoc|iPhone.ActiveCfg = Release|x86
		{2D28439F-B617-4EFF-A0DE-5FC54EB49573}.Ad-Hoc|iPhone.Build.0 = Release|x86
		{2D28439F-B617-4EFF-A0DE-5FC54EB49573}.Ad-Hoc|iPhone.Deploy.0 = Release|x86
		{2D28439F-B617-4EFF-A0DE-5FC54EB49573}.Ad-Hoc|iPhoneSimulator.ActiveCfg = Release|x86
		{2D28439F-B617-4EFF-A0DE-5FC54EB49573}.Ad-Hoc|iPhoneSimulator.Build.0 = Release|x86
		{2D28439F-B617-4EFF-A0DE-5FC54EB49573}.Ad-Hoc|iPhoneSimulator.Deploy.0 = Release|x86
		{2D28439F-B617-4EFF-A0DE-5FC54EB49573}.Ad-Hoc|x64.ActiveCfg = Release|x64
		{2D28439F-B617-4EFF-A0DE-5FC54EB49573}.Ad-Hoc|x64.Build.0 = Release|x64
		{2D28439F-B617-4EFF-A0DE-5FC54EB49573}.Ad-Hoc|x64.Deploy.0 = Release|x64
		{2D28439F-B617-4EFF-A0DE-5FC54EB49573}.Ad-Hoc|x86.ActiveCfg = Release|x86
		{2D28439F-B617-4EFF-A0DE-5FC54EB49573}.Ad-Hoc|x86.Build.0 = Release|x86
		{2D28439F-B617-4EFF-A0DE-5FC54EB49573}.Ad-Hoc|x86.Deploy.0 = Release|x86
		{2D28439F-B617-4EFF-A0DE-5FC54EB49573}.AppStore|Any CPU.ActiveCfg = Release|x86
		{2D28439F-B617-4EFF-A0DE-5FC54EB49573}.AppStore|Any CPU.Build.0 = Release|x86
		{2D28439F-B617-4EFF-A0DE-5FC54EB49573}.AppStore|Any CPU.Deploy.0 = Release|x86
		{2D28439F-B617-4EFF-A0DE-5FC54EB49573}.AppStore|ARM.ActiveCfg = Release|ARM
		{2D28439F-B617-4EFF-A0DE-5FC54EB49573}.AppStore|ARM.Build.0 = Release|ARM
		{2D28439F-B617-4EFF-A0DE-5FC54EB49573}.AppStore|ARM.Deploy.0 = Release|ARM
		{2D28439F-B617-4EFF-A0DE-5FC54EB49573}.AppStore|iPhone.ActiveCfg = Release|x86
		{2D28439F-B617-4EFF-A0DE-5FC54EB49573}.AppStore|iPhone.Build.0 = Release|x86
		{2D28439F-B617-4EFF-A0DE-5FC54EB49573}.AppStore|iPhone.Deploy.0 = Release|x86
		{2D28439F-B617-4EFF-A0DE-5FC54EB49573}.AppStore|iPhoneSimulator.ActiveCfg = Release|x86
		{2D28439F-B617-4EFF-A0DE-5FC54EB49573}.AppStore|iPhoneSimulator.Build.0 = Release|x86
		{2D28439F-B617-4EFF-A0DE-5FC54EB49573}.AppStore|iPhoneSimulator.Deploy.0 = Release|x86
		{2D28439F-B617-4EFF-A0DE-5FC54EB49573}.AppStore|x64.ActiveCfg = Release|x64
		{2D28439F-B617-4EFF-A0DE-5FC54EB49573}.AppStore|x64.Build.0 = Release|x64
		{2D28439F-B617-4EFF-A0DE-5FC54EB49573}.AppStore|x64.Deploy.0 = Release|x64
		{2D28439F-B617-4EFF-A0DE-5FC54EB49573}.AppStore|x86.ActiveCfg = Release|x86
		{2D28439F-B617-4EFF-A0DE-5FC54EB49573}.AppStore|x86.Build.0 = Release|x86
		{2D28439F-B617-4EFF-A0DE-5FC54EB49573}.AppStore|x86.Deploy.0 = Release|x86
		{2D28439F-B617-4EFF-A0DE-5FC54EB49573}.Debug|Any CPU.ActiveCfg = Debug|x86
		{2D28439F-B617-4EFF-A0DE-5FC54EB49573}.Debug|Any CPU.Build.0 = Debug|x86
		{2D28439F-B617-4EFF-A0DE-5FC54EB49573}.Debug|Any CPU.Deploy.0 = Debug|x86
		{2D28439F-B617-4EFF-A0DE-5FC54EB49573}.Debug|ARM.ActiveCfg = Debug|ARM
		{2D28439F-B617-4EFF-A0DE-5FC54EB49573}.Debug|ARM.Build.0 = Debug|ARM
		{2D28439F-B617-4EFF-A0DE-5FC54EB49573}.Debug|ARM.Deploy.0 = Debug|ARM
		{2D28439F-B617-4EFF-A0DE-5FC54EB49573}.Debug|iPhone.ActiveCfg = Debug|x86
		{2D28439F-B617-4EFF-A0DE-5FC54EB49573}.Debug|iPhone.Build.0 = Debug|x86
		{2D28439F-B617-4EFF-A0DE-5FC54EB49573}.Debug|iPhone.Deploy.0 = Debug|x86
		{2D28439F-B617-4EFF-A0DE-5FC54EB49573}.Debug|iPhoneSimulator.ActiveCfg = Debug|x86
		{2D28439F-B617-4EFF-A0DE-5FC54EB49573}.Debug|iPhoneSimulator.Build.0 = Debug|x86
		{2D28439F-B617-4EFF-A0DE-5FC54EB49573}.Debug|iPhoneSimulator.Deploy.0 = Debug|x86
		{2D28439F-B617-4EFF-A0DE-5FC54EB49573}.Debug|x64.ActiveCfg = Debug|x64
		{2D28439F-B617-4EFF-A0DE-5FC54EB49573}.Debug|x64.Build.0 = Debug|x64
		{2D28439F-B617-4EFF-A0DE-5FC54EB49573}.Debug|x64.Deploy.0 = Debug|x64
		{2D28439F-B617-4EFF-A0DE-5FC54EB49573}.Debug|x86.ActiveCfg = Debug|x86
		{2D28439F-B617-4EFF-A0DE-5FC54EB49573}.Debug|x86.Build.0 = Debug|x86
		{2D28439F-B617-4EFF-A0DE-5FC54EB49573}.Debug|x86.Deploy.0 = Debug|x86
		{2D28439F-B617-4EFF-A0DE-5FC54EB49573}.Release|Any CPU.ActiveCfg = Release|x86
		{2D28439F-B617-4EFF-A0DE-5FC54EB49573}.Release|Any CPU.Build.0 = Release|x86
		{2D28439F-B617-4EFF-A0DE-5FC54EB49573}.Release|Any CPU.Deploy.0 = Release|x86
		{2D28439F-B617-4EFF-A0DE-5FC54EB49573}.Release|ARM.ActiveCfg = Release|ARM
		{2D28439F-B617-4EFF-A0DE-5FC54EB49573}.Release|ARM.Build.0 = Release|ARM
		{2D28439F-B617-4EFF-A0DE-5FC54EB49573}.Release|ARM.Deploy.0 = Release|ARM
		{2D28439F-B617-4EFF-A0DE-5FC54EB49573}.Release|iPhone.ActiveCfg = Release|x86
		{2D28439F-B617-4EFF-A0DE-5FC54EB49573}.Release|iPhone.Build.0 = Release|x86
		{2D28439F-B617-4EFF-A0DE-5FC54EB49573}.Release|iPhone.Deploy.0 = Release|x86
		{2D28439F-B617-4EFF-A0DE-5FC54EB49573}.Release|iPhoneSimulator.ActiveCfg = Release|x86
		{2D28439F-B617-4EFF-A0DE-5FC54EB49573}.Release|iPhoneSimulator.Build.0 = Release|x86
		{2D28439F-B617-4EFF-A0DE-5FC54EB49573}.Release|iPhoneSimulator.Deploy.0 = Release|x86
		{2D28439F-B617-4EFF-A0DE-5FC54EB49573}.Release|x64.ActiveCfg = Release|x64
		{2D28439F-B617-4EFF-A0DE-5FC54EB49573}.Release|x64.Build.0 = Release|x64
		{2D28439F-B617-4EFF-A0DE-5FC54EB49573}.Release|x64.Deploy.0 = Release|x64
		{2D28439F-B617-4EFF-A0DE-5FC54EB49573}.Release|x86.ActiveCfg = Release|x86
		{2D28439F-B617-4EFF-A0DE-5FC54EB49573}.Release|x86.Build.0 = Release|x86
		{2D28439F-B617-4EFF-A0DE-5FC54EB49573}.Release|x86.Deploy.0 = Release|x86
		{0E1B28C3-4834-4CF6-8D6A-FD31AFEC2C28}.Ad-Hoc|Any CPU.ActiveCfg = Debug|Any CPU
		{0E1B28C3-4834-4CF6-8D6A-FD31AFEC2C28}.Ad-Hoc|Any CPU.Build.0 = Debug|Any CPU
		{0E1B28C3-4834-4CF6-8D6A-FD31AFEC2C28}.Ad-Hoc|Any CPU.Deploy.0 = Debug|Any CPU
		{0E1B28C3-4834-4CF6-8D6A-FD31AFEC2C28}.Ad-Hoc|ARM.ActiveCfg = Debug|Any CPU
		{0E1B28C3-4834-4CF6-8D6A-FD31AFEC2C28}.Ad-Hoc|ARM.Build.0 = Debug|Any CPU
		{0E1B28C3-4834-4CF6-8D6A-FD31AFEC2C28}.Ad-Hoc|ARM.Deploy.0 = Debug|Any CPU
		{0E1B28C3-4834-4CF6-8D6A-FD31AFEC2C28}.Ad-Hoc|iPhone.ActiveCfg = Debug|Any CPU
		{0E1B28C3-4834-4CF6-8D6A-FD31AFEC2C28}.Ad-Hoc|iPhone.Build.0 = Debug|Any CPU
		{0E1B28C3-4834-4CF6-8D6A-FD31AFEC2C28}.Ad-Hoc|iPhone.Deploy.0 = Debug|Any CPU
		{0E1B28C3-4834-4CF6-8D6A-FD31AFEC2C28}.Ad-Hoc|iPhoneSimulator.ActiveCfg = Debug|Any CPU
		{0E1B28C3-4834-4CF6-8D6A-FD31AFEC2C28}.Ad-Hoc|iPhoneSimulator.Build.0 = Debug|Any CPU
		{0E1B28C3-4834-4CF6-8D6A-FD31AFEC2C28}.Ad-Hoc|iPhoneSimulator.Deploy.0 = Debug|Any CPU
		{0E1B28C3-4834-4CF6-8D6A-FD31AFEC2C28}.Ad-Hoc|x64.ActiveCfg = Debug|Any CPU
		{0E1B28C3-4834-4CF6-8D6A-FD31AFEC2C28}.Ad-Hoc|x64.Build.0 = Debug|Any CPU
		{0E1B28C3-4834-4CF6-8D6A-FD31AFEC2C28}.Ad-Hoc|x64.Deploy.0 = Debug|Any CPU
		{0E1B28C3-4834-4CF6-8D6A-FD31AFEC2C28}.Ad-Hoc|x86.ActiveCfg = Debug|Any CPU
		{0E1B28C3-4834-4CF6-8D6A-FD31AFEC2C28}.Ad-Hoc|x86.Build.0 = Debug|Any CPU
		{0E1B28C3-4834-4CF6-8D6A-FD31AFEC2C28}.Ad-Hoc|x86.Deploy.0 = Debug|Any CPU
		{0E1B28C3-4834-4CF6-8D6A-FD31AFEC2C28}.AppStore|Any CPU.ActiveCfg = Debug|Any CPU
		{0E1B28C3-4834-4CF6-8D6A-FD31AFEC2C28}.AppStore|Any CPU.Build.0 = Debug|Any CPU
		{0E1B28C3-4834-4CF6-8D6A-FD31AFEC2C28}.AppStore|Any CPU.Deploy.0 = Debug|Any CPU
		{0E1B28C3-4834-4CF6-8D6A-FD31AFEC2C28}.AppStore|ARM.ActiveCfg = Debug|Any CPU
		{0E1B28C3-4834-4CF6-8D6A-FD31AFEC2C28}.AppStore|ARM.Build.0 = Debug|Any CPU
		{0E1B28C3-4834-4CF6-8D6A-FD31AFEC2C28}.AppStore|ARM.Deploy.0 = Debug|Any CPU
		{0E1B28C3-4834-4CF6-8D6A-FD31AFEC2C28}.AppStore|iPhone.ActiveCfg = Debug|Any CPU
		{0E1B28C3-4834-4CF6-8D6A-FD31AFEC2C28}.AppStore|iPhone.Build.0 = Debug|Any CPU
		{0E1B28C3-4834-4CF6-8D6A-FD31AFEC2C28}.AppStore|iPhone.Deploy.0 = Debug|Any CPU
		{0E1B28C3-4834-4CF6-8D6A-FD31AFEC2C28}.AppStore|iPhoneSimulator.ActiveCfg = Debug|Any CPU
		{0E1B28C3-4834-4CF6-8D6A-FD31AFEC2C28}.AppStore|iPhoneSimulator.Build.0 = Debug|Any CPU
		{0E1B28C3-4834-4CF6-8D6A-FD31AFEC2C28}.AppStore|iPhoneSimulator.Deploy.0 = Debug|Any CPU
		{0E1B28C3-4834-4CF6-8D6A-FD31AFEC2C28}.AppStore|x64.ActiveCfg = Debug|Any CPU
		{0E1B28C3-4834-4CF6-8D6A-FD31AFEC2C28}.AppStore|x64.Build.0 = Debug|Any CPU
		{0E1B28C3-4834-4CF6-8D6A-FD31AFEC2C28}.AppStore|x64.Deploy.0 = Debug|Any CPU
		{0E1B28C3-4834-4CF6-8D6A-FD31AFEC2C28}.AppStore|x86.ActiveCfg = Debug|Any CPU
		{0E1B28C3-4834-4CF6-8D6A-FD31AFEC2C28}.AppStore|x86.Build.0 = Debug|Any CPU
		{0E1B28C3-4834-4CF6-8D6A-FD31AFEC2C28}.AppStore|x86.Deploy.0 = Debug|Any CPU
		{0E1B28C3-4834-4CF6-8D6A-FD31AFEC2C28}.Debug|Any CPU.ActiveCfg = Debug|Any CPU
		{0E1B28C3-4834-4CF6-8D6A-FD31AFEC2C28}.Debug|Any CPU.Build.0 = Debug|Any CPU
		{0E1B28C3-4834-4CF6-8D6A-FD31AFEC2C28}.Debug|Any CPU.Deploy.0 = Debug|Any CPU
		{0E1B28C3-4834-4CF6-8D6A-FD31AFEC2C28}.Debug|ARM.ActiveCfg = Debug|Any CPU
		{0E1B28C3-4834-4CF6-8D6A-FD31AFEC2C28}.Debug|ARM.Build.0 = Debug|Any CPU
		{0E1B28C3-4834-4CF6-8D6A-FD31AFEC2C28}.Debug|ARM.Deploy.0 = Debug|Any CPU
		{0E1B28C3-4834-4CF6-8D6A-FD31AFEC2C28}.Debug|iPhone.ActiveCfg = Debug|Any CPU
		{0E1B28C3-4834-4CF6-8D6A-FD31AFEC2C28}.Debug|iPhone.Build.0 = Debug|Any CPU
		{0E1B28C3-4834-4CF6-8D6A-FD31AFEC2C28}.Debug|iPhone.Deploy.0 = Debug|Any CPU
		{0E1B28C3-4834-4CF6-8D6A-FD31AFEC2C28}.Debug|iPhoneSimulator.ActiveCfg = Debug|Any CPU
		{0E1B28C3-4834-4CF6-8D6A-FD31AFEC2C28}.Debug|iPhoneSimulator.Build.0 = Debug|Any CPU
		{0E1B28C3-4834-4CF6-8D6A-FD31AFEC2C28}.Debug|iPhoneSimulator.Deploy.0 = Debug|Any CPU
		{0E1B28C3-4834-4CF6-8D6A-FD31AFEC2C28}.Debug|x64.ActiveCfg = Debug|Any CPU
		{0E1B28C3-4834-4CF6-8D6A-FD31AFEC2C28}.Debug|x64.Build.0 = Debug|Any CPU
		{0E1B28C3-4834-4CF6-8D6A-FD31AFEC2C28}.Debug|x64.Deploy.0 = Debug|Any CPU
		{0E1B28C3-4834-4CF6-8D6A-FD31AFEC2C28}.Debug|x86.ActiveCfg = Debug|Any CPU
		{0E1B28C3-4834-4CF6-8D6A-FD31AFEC2C28}.Debug|x86.Build.0 = Debug|Any CPU
		{0E1B28C3-4834-4CF6-8D6A-FD31AFEC2C28}.Debug|x86.Deploy.0 = Debug|Any CPU
		{0E1B28C3-4834-4CF6-8D6A-FD31AFEC2C28}.Release|Any CPU.ActiveCfg = Release|Any CPU
		{0E1B28C3-4834-4CF6-8D6A-FD31AFEC2C28}.Release|Any CPU.Build.0 = Release|Any CPU
		{0E1B28C3-4834-4CF6-8D6A-FD31AFEC2C28}.Release|Any CPU.Deploy.0 = Release|Any CPU
		{0E1B28C3-4834-4CF6-8D6A-FD31AFEC2C28}.Release|ARM.ActiveCfg = Release|Any CPU
		{0E1B28C3-4834-4CF6-8D6A-FD31AFEC2C28}.Release|ARM.Build.0 = Release|Any CPU
		{0E1B28C3-4834-4CF6-8D6A-FD31AFEC2C28}.Release|ARM.Deploy.0 = Release|Any CPU
		{0E1B28C3-4834-4CF6-8D6A-FD31AFEC2C28}.Release|iPhone.ActiveCfg = Release|Any CPU
		{0E1B28C3-4834-4CF6-8D6A-FD31AFEC2C28}.Release|iPhone.Build.0 = Release|Any CPU
		{0E1B28C3-4834-4CF6-8D6A-FD31AFEC2C28}.Release|iPhone.Deploy.0 = Release|Any CPU
		{0E1B28C3-4834-4CF6-8D6A-FD31AFEC2C28}.Release|iPhoneSimulator.ActiveCfg = Release|Any CPU
		{0E1B28C3-4834-4CF6-8D6A-FD31AFEC2C28}.Release|iPhoneSimulator.Build.0 = Release|Any CPU
		{0E1B28C3-4834-4CF6-8D6A-FD31AFEC2C28}.Release|iPhoneSimulator.Deploy.0 = Release|Any CPU
		{0E1B28C3-4834-4CF6-8D6A-FD31AFEC2C28}.Release|x64.ActiveCfg = Release|Any CPU
		{0E1B28C3-4834-4CF6-8D6A-FD31AFEC2C28}.Release|x64.Build.0 = Release|Any CPU
		{0E1B28C3-4834-4CF6-8D6A-FD31AFEC2C28}.Release|x64.Deploy.0 = Release|Any CPU
		{0E1B28C3-4834-4CF6-8D6A-FD31AFEC2C28}.Release|x86.ActiveCfg = Release|Any CPU
		{0E1B28C3-4834-4CF6-8D6A-FD31AFEC2C28}.Release|x86.Build.0 = Release|Any CPU
		{0E1B28C3-4834-4CF6-8D6A-FD31AFEC2C28}.Release|x86.Deploy.0 = Release|Any CPU
	EndGlobalSection
	GlobalSection(SolutionProperties) = preSolution
		HideSolutionNode = FALSE
	EndGlobalSection
	GlobalSection(ExtensibilityGlobals) = postSolution
		SolutionGuid = {107E20B7-A9FC-4F1C-8A33-EACAF52A79B8}
	EndGlobalSection
EndGlobal
